schema: '2.0'
stages:
  preprocess:
    cmd: uv run python src/preprocessing.py
    deps:
    - path: data/raw/tweets.csv
      hash: md5
      md5: 60e5f26c964cb0a766047fd993102170
      size: 4695170
    - path: src/preprocessing.py
      hash: md5
      md5: a6fe38805c9df8e4e894777173383a43
      size: 859
    outs:
    - path: data/processed/tweets_clean.csv
      hash: md5
      md5: 4a97a11a47910b7592321acc0977be9d
      size: 7572111
  train:
    cmd: uv run python src/models/train.py
    deps:
    - path: data/processed/tweets_clean.csv
      hash: md5
      md5: 4a97a11a47910b7592321acc0977be9d
      size: 7572111
    - path: src/models/train.py
      hash: md5
      md5: 9c1d9d2699bcb5027e7ee01d6890d811
      size: 2020
    outs:
    - path: models/logistic_regression.pkl
      hash: md5
      md5: 80ea958318c00c582c7e1a4e2bf1f99e
      size: 40863
    - path: models/naive_bayes.pkl
      hash: md5
      md5: 93b22b369892b9b83a31f95caf84871c
      size: 160791
    - path: models/random_forest.pkl
      hash: md5
      md5: 0fd05a201e2a46403eb7d7315baf1ce1
      size: 90075705
    - path: models/test_data.csv
      hash: md5
      md5: 753479842d62c6ac67fa99a47771dcec
      size: 605449
    - path: models/test_predictions.csv
      hash: md5
      md5: b33fa2992cf93c97ab4f39d8a07144fd
      size: 1236207
    - path: models/vectorizer.pkl
      hash: md5
      md5: 037bab2316bb08c69eb8ef3a0e38b331
      size: 179962
  evaluate:
    cmd: uv run python src/models/evaluate.py
    deps:
    - path: models/test_predictions.csv
      hash: md5
      md5: b33fa2992cf93c97ab4f39d8a07144fd
      size: 1236207
    - path: src/models/evaluate.py
      hash: md5
      md5: bf48bbe4ff9f1c760e8c66048443bbb1
      size: 2523
    outs:
    - path: models/confusion_matrices.png
      hash: md5
      md5: 96814ccbe3b976d0eed52dbd72d9b16b
      size: 81007
    - path: models/metrics.json
      hash: md5
      md5: 3f6cfaeb14804673293bd447657d0ef1
      size: 365
    - path: models/roc_curves.png
      hash: md5
      md5: ac5a941fbabfacda1f6a9c2f9e964d39
      size: 87441
