schema: '2.0'
stages:
  preprocess:
    cmd: uv run python src/preprocessing.py
    deps:
    - path: data/raw/tweets.csv
      hash: md5
      md5: 60e5f26c964cb0a766047fd993102170
      size: 4695170
    - path: src/preprocessing.py
      hash: md5
      md5: ed1852abf12889e7bdcbb47453ab953f
      size: 2967
    outs:
    - path: data/processed/tweets_clean.csv
      hash: md5
      md5: d8e6fc5dfa09ab500ac942541aa53489
      size: 7001144
  train:
    cmd: uv run python src/models/train.py
    deps:
    - path: data/processed/tweets_clean.csv
      hash: md5
      md5: d8e6fc5dfa09ab500ac942541aa53489
      size: 7001144
    - path: src/models/train.py
      hash: md5
      md5: 9c1d9d2699bcb5027e7ee01d6890d811
      size: 2020
    outs:
    - path: models/logistic_regression.pkl
      hash: md5
      md5: 2dc4874f58ff2b6586933051114df655
      size: 40863
    - path: models/naive_bayes.pkl
      hash: md5
      md5: fdf4aa350ba937428082ddf91c6b0c35
      size: 160791
    - path: models/random_forest.pkl
      hash: md5
      md5: e39914fcc72aa62518ff007ae305ba3d
      size: 84119497
    - path: models/test_data.csv
      hash: md5
      md5: 0a5aa391278115437c8cb52bfa3f993e
      size: 496165
    - path: models/test_predictions.csv
      hash: md5
      md5: 6eb7c23b970e1179eaaba87fcc250ce2
      size: 1226478
    - path: models/vectorizer.pkl
      hash: md5
      md5: a5d1a0b622eba8d7517efe25ed4834bc
      size: 179371
  evaluate:
    cmd: uv run python src/models/evaluate.py
    deps:
    - path: models/test_predictions.csv
      hash: md5
      md5: 6eb7c23b970e1179eaaba87fcc250ce2
      size: 1226478
    - path: src/models/evaluate.py
      hash: md5
      md5: bf48bbe4ff9f1c760e8c66048443bbb1
      size: 2523
    outs:
    - path: models/confusion_matrices.png
      hash: md5
      md5: fb3af43d837c68ce3eb2653094e8a738
      size: 81611
    - path: models/metrics.json
      hash: md5
      md5: 54e7de11fe7b21d22aded838c147b637
      size: 365
    - path: models/roc_curves.png
      hash: md5
      md5: 42c998affbf14ae1f099ee16e4149d35
      size: 86287
